
Microsoft Visual Studio Solution File, Format Version 12.00
# Visual Studio Version 17
VisualStudioVersion = 17.1.32319.34
MinimumVisualStudioVersion = 10.0.40219.1
Project("{54435603-DBB4-11D2-8724-00A0C9A8B90C}") = "Shared Notepad Windows Component", "Shared Notepad Windows Component.vdproj", "{38BC2B07-3B51-442F-9B67-A5CF655C57F9}"
EndProject
Global
	GlobalSection(SolutionConfigurationPlatforms) = preSolution
		Debug|Default = Debug|Default
		Release|Default = Release|Default
	EndGlobalSection
	GlobalSection(ProjectConfigurationPlatforms) = postSolution
		{38BC2B07-3B51-442F-9B67-A5CF655C57F9}.Debug|Default.ActiveCfg = Debug
		{38BC2B07-3B51-442F-9B67-A5CF655C57F9}.Debug|Default.Build.0 = Debug
		{38BC2B07-3B51-442F-9B67-A5CF655C57F9}.Release|Default.ActiveCfg = Release
		{38BC2B07-3B51-442F-9B67-A5CF655C57F9}.Release|Default.Build.0 = Release
	EndGlobalSection
	GlobalSection(SolutionProperties) = preSolution
		HideSolutionNode = FALSE
	EndGlobalSection
	GlobalSection(ExtensibilityGlobals) = postSolution
		SolutionGuid = {4DDA73FA-FF1D-4A59-8AF1-08B43BB56921}
	EndGlobalSection
EndGlobal
